
Microsoft Visual Studio Solution File, Format Version 12.00
# Visual Studio Version 17
VisualStudioVersion = 17.8.34511.84
MinimumVisualStudioVersion = 10.0.40219.1
Project("{FAE04EC0-301F-11D3-BF4B-00C04F79EFBC}") = "sprijosiMVCAPP", "sprijosiMVCAPP.csproj", "{1131C1E8-7206-4322-AD5E-1E25817CA33A}"
EndProject
Global
	GlobalSection(SolutionConfigurationPlatforms) = preSolution
		Debug|Any CPU = Debug|Any CPU
		Release|Any CPU = Release|Any CPU
	EndGlobalSection
	GlobalSection(ProjectConfigurationPlatforms) = postSolution
		{1131C1E8-7206-4322-AD5E-1E25817CA33A}.Debug|Any CPU.ActiveCfg = Debug|Any CPU
		{1131C1E8-7206-4322-AD5E-1E25817CA33A}.Debug|Any CPU.Build.0 = Debug|Any CPU
		{1131C1E8-7206-4322-AD5E-1E25817CA33A}.Release|Any CPU.ActiveCfg = Release|Any CPU
		{1131C1E8-7206-4322-AD5E-1E25817CA33A}.Release|Any CPU.Build.0 = Release|Any CPU
	EndGlobalSection
	GlobalSection(SolutionProperties) = preSolution
		HideSolutionNode = FALSE
	EndGlobalSection
	GlobalSection(ExtensibilityGlobals) = postSolution
		SolutionGuid = {B0387282-C43A-4EB9-B9CC-353B9C9BC23C}
	EndGlobalSection
EndGlobal
